
Microsoft Visual Studio Solution File, Format Version 12.00
# Visual Studio Version 17
VisualStudioVersion = 17.0.31717.71
MinimumVisualStudioVersion = 10.0.40219.1
Project("{9A19103F-16F7-4668-BE54-9A1E7A4F7556}") = "NQuickTools", "NQuickTools.csproj", "{9CB1EAF5-81F8-4662-B819-9D4111613D06}"
EndProject
Global
	GlobalSection(SolutionConfigurationPlatforms) = preSolution
		Debug|Any CPU = Debug|Any CPU
		Release|Any CPU = Release|Any CPU
	EndGlobalSection
	GlobalSection(ProjectConfigurationPlatforms) = postSolution
		{9CB1EAF5-81F8-4662-B819-9D4111613D06}.Debug|Any CPU.ActiveCfg = Debug|Any CPU
		{9CB1EAF5-81F8-4662-B819-9D4111613D06}.Debug|Any CPU.Build.0 = Debug|Any CPU
		{9CB1EAF5-81F8-4662-B819-9D4111613D06}.Release|Any CPU.ActiveCfg = Release|Any CPU
		{9CB1EAF5-81F8-4662-B819-9D4111613D06}.Release|Any CPU.Build.0 = Release|Any CPU
	EndGlobalSection
	GlobalSection(SolutionProperties) = preSolution
		HideSolutionNode = FALSE
	EndGlobalSection
	GlobalSection(ExtensibilityGlobals) = postSolution
		SolutionGuid = {A3C600CA-F47E-41FE-BF21-F66D3C0EDAC0}
	EndGlobalSection
EndGlobal